// !$*UTF8*$!
{
	archiveVersion = 1;
	classes = {
	};
	objectVersion = 77;
	objects = {

/* Begin PBXBuildFile section */
		9D37B7252D1DDE430074E911 /* solution-2024-12-26T18-32-13-088Z.html in Resources */ = {isa = PBXBuildFile; fileRef = 9D37B7232D1DDE430074E911 /* solution-2024-12-26T18-32-13-088Z.html */; };
		9D37B7262D1DDE430074E911 /* solution-2024-12-26T18-29-10-975Z.html in Resources */ = {isa = PBXBuildFile; fileRef = 9D37B7222D1DDE430074E911 /* solution-2024-12-26T18-29-10-975Z.html */; };
		9D37B7272D1DDE430074E911 /* sample.html in Resources */ = {isa = PBXBuildFile; fileRef = 9D37B71D2D1DDE430074E911 /* sample.html */; };
/* End PBXBuildFile section */

/* Begin PBXContainerItemProxy section */
		9D37B6D12D1DDAAF0074E911 /* PBXContainerItemProxy */ = {
			isa = PBXContainerItemProxy;
			containerPortal = 9D37B6B62D1DDAAE0074E911 /* Project object */;
			proxyType = 1;
			remoteGlobalIDString = 9D37B6BD2D1DDAAE0074E911;
			remoteInfo = "ssr-webview-ios";
		};
		9D37B6DB2D1DDAAF0074E911 /* PBXContainerItemProxy */ = {
			isa = PBXContainerItemProxy;
			containerPortal = 9D37B6B62D1DDAAE0074E911 /* Project object */;
			proxyType = 1;
			remoteGlobalIDString = 9D37B6BD2D1DDAAE0074E911;
			remoteInfo = "ssr-webview-ios";
		};
/* End PBXContainerItemProxy section */

/* Begin PBXFileReference section */
		9D37B6BE2D1DDAAE0074E911 /* ssr-webview-ios.app */ = {isa = PBXFileReference; explicitFileType = wrapper.application; includeInIndex = 0; path = "ssr-webview-ios.app"; sourceTree = BUILT_PRODUCTS_DIR; };
		9D37B6D02D1DDAAF0074E911 /* ssr-webview-iosTests.xctest */ = {isa = PBXFileReference; explicitFileType = wrapper.cfbundle; includeInIndex = 0; path = "ssr-webview-iosTests.xctest"; sourceTree = BUILT_PRODUCTS_DIR; };
		9D37B6DA2D1DDAAF0074E911 /* ssr-webview-iosUITests.xctest */ = {isa = PBXFileReference; explicitFileType = wrapper.cfbundle; includeInIndex = 0; path = "ssr-webview-iosUITests.xctest"; sourceTree = BUILT_PRODUCTS_DIR; };
		9D37B71D2D1DDE430074E911 /* sample.html */ = {isa = PBXFileReference; lastKnownFileType = text.html; path = sample.html; sourceTree = "<group>"; };
		9D37B71E2D1DDE430074E911 /* solution-2024-12-26T18-07-26-008Z.html */ = {isa = PBXFileReference; lastKnownFileType = text.html; path = "solution-2024-12-26T18-07-26-008Z.html"; sourceTree = "<group>"; };
		9D37B71F2D1DDE430074E911 /* solution-2024-12-26T18-09-38-860Z.html */ = {isa = PBXFileReference; lastKnownFileType = text.html; path = "solution-2024-12-26T18-09-38-860Z.html"; sourceTree = "<group>"; };
		9D37B7202D1DDE430074E911 /* solution-2024-12-26T18-10-51-296Z.html */ = {isa = PBXFileReference; lastKnownFileType = text.html; path = "solution-2024-12-26T18-10-51-296Z.html"; sourceTree = "<group>"; };
		9D37B7212D1DDE430074E911 /* solution-2024-12-26T18-18-08-374Z.html */ = {isa = PBXFileReference; lastKnownFileType = text.html; path = "solution-2024-12-26T18-18-08-374Z.html"; sourceTree = "<group>"; };
		9D37B7222D1DDE430074E911 /* solution-2024-12-26T18-29-10-975Z.html */ = {isa = PBXFileReference; lastKnownFileType = text.html; path = "solution-2024-12-26T18-29-10-975Z.html"; sourceTree = "<group>"; };
		9D37B7232D1DDE430074E911 /* solution-2024-12-26T18-32-13-088Z.html */ = {isa = PBXFileReference; lastKnownFileType = text.html; path = "solution-2024-12-26T18-32-13-088Z.html"; sourceTree = "<group>"; };
		9D37B72C2D1DDE880074E911 /* sample.html */ = {isa = PBXFileReference; lastKnownFileType = text.html; path = sample.html; sourceTree = "<group>"; };
		9D37B72D2D1DDE880074E911 /* solution-2024-12-26T18-07-26-008Z.html */ = {isa = PBXFileReference; lastKnownFileType = text.html; path = "solution-2024-12-26T18-07-26-008Z.html"; sourceTree = "<group>"; };
		9D37B72E2D1DDE880074E911 /* solution-2024-12-26T18-09-38-860Z.html */ = {isa = PBXFileReference; lastKnownFileType = text.html; path = "solution-2024-12-26T18-09-38-860Z.html"; sourceTree = "<group>"; };
		9D37B72F2D1DDE880074E911 /* solution-2024-12-26T18-10-51-296Z.html */ = {isa = PBXFileReference; lastKnownFileType = text.html; path = "solution-2024-12-26T18-10-51-296Z.html"; sourceTree = "<group>"; };
		9D37B7302D1DDE880074E911 /* solution-2024-12-26T18-18-08-374Z.html */ = {isa = PBXFileReference; lastKnownFileType = text.html; path = "solution-2024-12-26T18-18-08-374Z.html"; sourceTree = "<group>"; };
		9D37B7312D1DDE880074E911 /* solution-2024-12-26T18-29-10-975Z.html */ = {isa = PBXFileReference; lastKnownFileType = text.html; path = "solution-2024-12-26T18-29-10-975Z.html"; sourceTree = "<group>"; };
		9D37B7322D1DDE880074E911 /* solution-2024-12-26T18-32-13-088Z.html */ = {isa = PBXFileReference; lastKnownFileType = text.html; path = "solution-2024-12-26T18-32-13-088Z.html"; sourceTree = "<group>"; };
/* End PBXFileReference section */

/* Begin PBXFileSystemSynchronizedRootGroup section */
		9D37B6C02D1DDAAE0074E911 /* ssr-webview-ios */ = {
			isa = PBXFileSystemSynchronizedRootGroup;
			path = "ssr-webview-ios";
			sourceTree = "<group>";
		};
		9D37B6D32D1DDAAF0074E911 /* ssr-webview-iosTests */ = {
			isa = PBXFileSystemSynchronizedRootGroup;
			path = "ssr-webview-iosTests";
			sourceTree = "<group>";
		};
		9D37B6DD2D1DDAAF0074E911 /* ssr-webview-iosUITests */ = {
			isa = PBXFileSystemSynchronizedRootGroup;
			path = "ssr-webview-iosUITests";
			sourceTree = "<group>";
		};
/* End PBXFileSystemSynchronizedRootGroup section */

/* Begin PBXFrameworksBuildPhase section */
		9D37B6BB2D1DDAAE0074E911 /* Frameworks */ = {
			isa = PBXFrameworksBuildPhase;
			buildActionMask = 2147483647;
			files = (
			);
			runOnlyForDeploymentPostprocessing = 0;
		};
		9D37B6CD2D1DDAAF0074E911 /* Frameworks */ = {
			isa = PBXFrameworksBuildPhase;
			buildActionMask = 2147483647;
			files = (
			);
			runOnlyForDeploymentPostprocessing = 0;
		};
		9D37B6D72D1DDAAF0074E911 /* Frameworks */ = {
			isa = PBXFrameworksBuildPhase;
			buildActionMask = 2147483647;
			files = (
			);
			runOnlyForDeploymentPostprocessing = 0;
		};
/* End PBXFrameworksBuildPhase section */

/* Begin PBXGroup section */
		9D37B6B52D1DDAAE0074E911 = {
			isa = PBXGroup;
			children = (
				9D37B7242D1DDE430074E911 /* Assets */,
				9D37B7332D1DDE880074E911 /* Assets */,
				9D37B6C02D1DDAAE0074E911 /* ssr-webview-ios */,
				9D37B6D32D1DDAAF0074E911 /* ssr-webview-iosTests */,
				9D37B6DD2D1DDAAF0074E911 /* ssr-webview-iosUITests */,
				9D37B6BF2D1DDAAE0074E911 /* Products */,
			);
			sourceTree = "<group>";
		};
		9D37B6BF2D1DDAAE0074E911 /* Products */ = {
			isa = PBXGroup;
			children = (
				9D37B6BE2D1DDAAE0074E911 /* ssr-webview-ios.app */,
				9D37B6D02D1DDAAF0074E911 /* ssr-webview-iosTests.xctest */,
				9D37B6DA2D1DDAAF0074E911 /* ssr-webview-iosUITests.xctest */,
			);
			name = Products;
			sourceTree = "<group>";
		};
		9D37B7242D1DDE430074E911 /* Assets */ = {
			isa = PBXGroup;
			children = (
				9D37B71D2D1DDE430074E911 /* sample.html */,
				9D37B71E2D1DDE430074E911 /* solution-2024-12-26T18-07-26-008Z.html */,
				9D37B71F2D1DDE430074E911 /* solution-2024-12-26T18-09-38-860Z.html */,
				9D37B7202D1DDE430074E911 /* solution-2024-12-26T18-10-51-296Z.html */,
				9D37B7212D1DDE430074E911 /* solution-2024-12-26T18-18-08-374Z.html */,
				9D37B7222D1DDE430074E911 /* solution-2024-12-26T18-29-10-975Z.html */,
				9D37B7232D1DDE430074E911 /* solution-2024-12-26T18-32-13-088Z.html */,
			);
			path = Assets;
			sourceTree = "<group>";
		};
		9D37B7332D1DDE880074E911 /* Assets */ = {
			isa = PBXGroup;
			children = (
				9D37B72C2D1DDE880074E911 /* sample.html */,
				9D37B72D2D1DDE880074E911 /* solution-2024-12-26T18-07-26-008Z.html */,
				9D37B72E2D1DDE880074E911 /* solution-2024-12-26T18-09-38-860Z.html */,
				9D37B72F2D1DDE880074E911 /* solution-2024-12-26T18-10-51-296Z.html */,
				9D37B7302D1DDE880074E911 /* solution-2024-12-26T18-18-08-374Z.html */,
				9D37B7312D1DDE880074E911 /* solution-2024-12-26T18-29-10-975Z.html */,
				9D37B7322D1DDE880074E911 /* solution-2024-12-26T18-32-13-088Z.html */,
			);
			path = Assets;
			sourceTree = "<group>";
		};
/* End PBXGroup section */

/* Begin PBXNativeTarget section */
		9D37B6BD2D1DDAAE0074E911 /* ssr-webview-ios */ = {
			isa = PBXNativeTarget;
			buildConfigurationList = 9D37B6E42D1DDAAF0074E911 /* Build configuration list for PBXNativeTarget "ssr-webview-ios" */;
			buildPhases = (
				9D37B6BA2D1DDAAE0074E911 /* Sources */,
				9D37B6BB2D1DDAAE0074E911 /* Frameworks */,
				9D37B6BC2D1DDAAE0074E911 /* Resources */,
			);
			buildRules = (
			);
			dependencies = (
			);
			fileSystemSynchronizedGroups = (
				9D37B6C02D1DDAAE0074E911 /* ssr-webview-ios */,
			);
			name = "ssr-webview-ios";
			packageProductDependencies = (
			);
			productName = "ssr-webview-ios";
			productReference = 9D37B6BE2D1DDAAE0074E911 /* ssr-webview-ios.app */;
			productType = "com.apple.product-type.application";
		};
		9D37B6CF2D1DDAAF0074E911 /* ssr-webview-iosTests */ = {
			isa = PBXNativeTarget;
			buildConfigurationList = 9D37B6E72D1DDAAF0074E911 /* Build configuration list for PBXNativeTarget "ssr-webview-iosTests" */;
			buildPhases = (
				9D37B6CC2D1DDAAF0074E911 /* Sources */,
				9D37B6CD2D1DDAAF0074E911 /* Frameworks */,
				9D37B6CE2D1DDAAF0074E911 /* Resources */,
			);
			buildRules = (
			);
			dependencies = (
				9D37B6D22D1DDAAF0074E911 /* PBXTargetDependency */,
			);
			fileSystemSynchronizedGroups = (
				9D37B6D32D1DDAAF0074E911 /* ssr-webview-iosTests */,
			);
			name = "ssr-webview-iosTests";
			packageProductDependencies = (
			);
			productName = "ssr-webview-iosTests";
			productReference = 9D37B6D02D1DDAAF0074E911 /* ssr-webview-iosTests.xctest */;
			productType = "com.apple.product-type.bundle.unit-test";
		};
		9D37B6D92D1DDAAF0074E911 /* ssr-webview-iosUITests */ = {
			isa = PBXNativeTarget;
			buildConfigurationList = 9D37B6EA2D1DDAAF0074E911 /* Build configuration list for PBXNativeTarget "ssr-webview-iosUITests" */;
			buildPhases = (
				9D37B6D62D1DDAAF0074E911 /* Sources */,
				9D37B6D72D1DDAAF0074E911 /* Frameworks */,
				9D37B6D82D1DDAAF0074E911 /* Resources */,
			);
			buildRules = (
			);
			dependencies = (
				9D37B6DC2D1DDAAF0074E911 /* PBXTargetDependency */,
			);
			fileSystemSynchronizedGroups = (
				9D37B6DD2D1DDAAF0074E911 /* ssr-webview-iosUITests */,
			);
			name = "ssr-webview-iosUITests";
			packageProductDependencies = (
			);
			productName = "ssr-webview-iosUITests";
			productReference = 9D37B6DA2D1DDAAF0074E911 /* ssr-webview-iosUITests.xctest */;
			productType = "com.apple.product-type.bundle.ui-testing";
		};
/* End PBXNativeTarget section */

/* Begin PBXProject section */
		9D37B6B62D1DDAAE0074E911 /* Project object */ = {
			isa = PBXProject;
			attributes = {
				BuildIndependentTargetsInParallel = 1;
				LastSwiftUpdateCheck = 1600;
				LastUpgradeCheck = 1600;
				TargetAttributes = {
					9D37B6BD2D1DDAAE0074E911 = {
						CreatedOnToolsVersion = 16.0;
					};
					9D37B6CF2D1DDAAF0074E911 = {
						CreatedOnToolsVersion = 16.0;
						TestTargetID = 9D37B6BD2D1DDAAE0074E911;
					};
					9D37B6D92D1DDAAF0074E911 = {
						CreatedOnToolsVersion = 16.0;
						TestTargetID = 9D37B6BD2D1DDAAE0074E911;
					};
				};
			};
			buildConfigurationList = 9D37B6B92D1DDAAE0074E911 /* Build configuration list for PBXProject "ssr-webview-ios" */;
			developmentRegion = en;
			hasScannedForEncodings = 0;
			knownRegions = (
				en,
				Base,
			);
			mainGroup = 9D37B6B52D1DDAAE0074E911;
			minimizedProjectReferenceProxies = 1;
			preferredProjectObjectVersion = 77;
			productRefGroup = 9D37B6BF2D1DDAAE0074E911 /* Products */;
			projectDirPath = "";
			projectRoot = "";
			targets = (
				9D37B6BD2D1DDAAE0074E911 /* ssr-webview-ios */,
				9D37B6CF2D1DDAAF0074E911 /* ssr-webview-iosTests */,
				9D37B6D92D1DDAAF0074E911 /* ssr-webview-iosUITests */,
			);
		};
/* End PBXProject section */

/* Begin PBXResourcesBuildPhase section */
		9D37B6BC2D1DDAAE0074E911 /* Resources */ = {
			isa = PBXResourcesBuildPhase;
			buildActionMask = 2147483647;
			files = (
				9D37B7252D1DDE430074E911 /* solution-2024-12-26T18-32-13-088Z.html in Resources */,
				9D37B7262D1DDE430074E911 /* solution-2024-12-26T18-29-10-975Z.html in Resources */,
				9D37B7272D1DDE430074E911 /* sample.html in Resources */,
			);
			runOnlyForDeploymentPostprocessing = 0;
		};
		9D37B6CE2D1DDAAF0074E911 /* Resources */ = {
			isa = PBXResourcesBuildPhase;
			buildActionMask = 2147483647;
			files = (
			);
			runOnlyForDeploymentPostprocessing = 0;
		};
		9D37B6D82D1DDAAF0074E911 /* Resources */ = {
			isa = PBXResourcesBuildPhase;
			buildActionMask = 2147483647;
			files = (
			);
			runOnlyForDeploymentPostprocessing = 0;
		};
/* End PBXResourcesBuildPhase section */

/* Begin PBXSourcesBuildPhase section */
		9D37B6BA2D1DDAAE0074E911 /* Sources */ = {
			isa = PBXSourcesBuildPhase;
			buildActionMask = 2147483647;
			files = (
			);
			runOnlyForDeploymentPostprocessing = 0;
		};
		9D37B6CC2D1DDAAF0074E911 /* Sources */ = {
			isa = PBXSourcesBuildPhase;
			buildActionMask = 2147483647;
			files = (
			);
			runOnlyForDeploymentPostprocessing = 0;
		};
		9D37B6D62D1DDAAF0074E911 /* Sources */ = {
			isa = PBXSourcesBuildPhase;
			buildActionMask = 2147483647;
			files = (
			);
			runOnlyForDeploymentPostprocessing = 0;
		};
/* End PBXSourcesBuildPhase section */

/* Begin PBXTargetDependency section */
		9D37B6D22D1DDAAF0074E911 /* PBXTargetDependency */ = {
			isa = PBXTargetDependency;
			target = 9D37B6BD2D1DDAAE0074E911 /* ssr-webview-ios */;
			targetProxy = 9D37B6D12D1DDAAF0074E911 /* PBXContainerItemProxy */;
		};
		9D37B6DC2D1DDAAF0074E911 /* PBXTargetDependency */ = {
			isa = PBXTargetDependency;
			target = 9D37B6BD2D1DDAAE0074E911 /* ssr-webview-ios */;
			targetProxy = 9D37B6DB2D1DDAAF0074E911 /* PBXContainerItemProxy */;
		};
/* End PBXTargetDependency section */

/* Begin XCBuildConfiguration section */
		9D37B6E22D1DDAAF0074E911 /* Debug */ = {
			isa = XCBuildConfiguration;
			buildSettings = {
				ALWAYS_SEARCH_USER_PATHS = NO;
				ASSETCATALOG_COMPILER_GENERATE_SWIFT_ASSET_SYMBOL_EXTENSIONS = YES;
				CLANG_ANALYZER_NONNULL = YES;
				CLANG_ANALYZER_NUMBER_OBJECT_CONVERSION = YES_AGGRESSIVE;
				CLANG_CXX_LANGUAGE_STANDARD = "gnu++20";
				CLANG_ENABLE_MODULES = YES;
				CLANG_ENABLE_OBJC_ARC = YES;
				CLANG_ENABLE_OBJC_WEAK = YES;
				CLANG_WARN_BLOCK_CAPTURE_AUTORELEASING = YES;
				CLANG_WARN_BOOL_CONVERSION = YES;
				CLANG_WARN_COMMA = YES;
				CLANG_WARN_CONSTANT_CONVERSION = YES;
				CLANG_WARN_DEPRECATED_OBJC_IMPLEMENTATIONS = YES;
				CLANG_WARN_DIRECT_OBJC_ISA_USAGE = YES_ERROR;
				CLANG_WARN_DOCUMENTATION_COMMENTS = YES;
				CLANG_WARN_EMPTY_BODY = YES;
				CLANG_WARN_ENUM_CONVERSION = YES;
				CLANG_WARN_INFINITE_RECURSION = YES;
				CLANG_WARN_INT_CONVERSION = YES;
				CLANG_WARN_NON_LITERAL_NULL_CONVERSION = YES;
				CLANG_WARN_OBJC_IMPLICIT_RETAIN_SELF = YES;
				CLANG_WARN_OBJC_LITERAL_CONVERSION = YES;
				CLANG_WARN_OBJC_ROOT_CLASS = YES_ERROR;
				CLANG_WARN_QUOTED_INCLUDE_IN_FRAMEWORK_HEADER = YES;
				CLANG_WARN_RANGE_LOOP_ANALYSIS = YES;
				CLANG_WARN_STRICT_PROTOTYPES = YES;
				CLANG_WARN_SUSPICIOUS_MOVE = YES;
				CLANG_WARN_UNGUARDED_AVAILABILITY = YES_AGGRESSIVE;
				CLANG_WARN_UNREACHABLE_CODE = YES;
				CLANG_WARN__DUPLICATE_METHOD_MATCH = YES;
				COPY_PHASE_STRIP = NO;
				DEBUG_INFORMATION_FORMAT = dwarf;
				ENABLE_STRICT_OBJC_MSGSEND = YES;
				ENABLE_TESTABILITY = YES;
				ENABLE_USER_SCRIPT_SANDBOXING = YES;
				GCC_C_LANGUAGE_STANDARD = gnu17;
				GCC_DYNAMIC_NO_PIC = NO;
				GCC_NO_COMMON_BLOCKS = YES;
				GCC_OPTIMIZATION_LEVEL = 0;
				GCC_PREPROCESSOR_DEFINITIONS = (
					"DEBUG=1",
					"$(inherited)",
				);
				GCC_WARN_64_TO_32_BIT_CONVERSION = YES;
				GCC_WARN_ABOUT_RETURN_TYPE = YES_ERROR;
				GCC_WARN_UNDECLARED_SELECTOR = YES;
				GCC_WARN_UNINITIALIZED_AUTOS = YES_AGGRESSIVE;
				GCC_WARN_UNUSED_FUNCTION = YES;
				GCC_WARN_UNUSED_VARIABLE = YES;
				IPHONEOS_DEPLOYMENT_TARGET = 18.0;
				LOCALIZATION_PREFERS_STRING_CATALOGS = YES;
				MTL_ENABLE_DEBUG_INFO = INCLUDE_SOURCE;
				MTL_FAST_MATH = YES;
				ONLY_ACTIVE_ARCH = YES;
				SDKROOT = iphoneos;
				SWIFT_ACTIVE_COMPILATION_CONDITIONS = "DEBUG $(inherited)";
				SWIFT_OPTIMIZATION_LEVEL = "-Onone";
			};
			name = Debug;
		};
		9D37B6E32D1DDAAF0074E911 /* Release */ = {
			isa = XCBuildConfiguration;
			buildSettings = {
				ALWAYS_SEARCH_USER_PATHS = NO;
				ASSETCATALOG_COMPILER_GENERATE_SWIFT_ASSET_SYMBOL_EXTENSIONS = YES;
				CLANG_ANALYZER_NONNULL = YES;
				CLANG_ANALYZER_NUMBER_OBJECT_CONVERSION = YES_AGGRESSIVE;
				CLANG_CXX_LANGUAGE_STANDARD = "gnu++20";
				CLANG_ENABLE_MODULES = YES;
				CLANG_ENABLE_OBJC_ARC = YES;
				CLANG_ENABLE_OBJC_WEAK = YES;
				CLANG_WARN_BLOCK_CAPTURE_AUTORELEASING = YES;
				CLANG_WARN_BOOL_CONVERSION = YES;
				CLANG_WARN_COMMA = YES;
				CLANG_WARN_CONSTANT_CONVERSION = YES;
				CLANG_WARN_DEPRECATED_OBJC_IMPLEMENTATIONS = YES;
				CLANG_WARN_DIRECT_OBJC_ISA_USAGE = YES_ERROR;
				CLANG_WARN_DOCUMENTATION_COMMENTS = YES;
				CLANG_WARN_EMPTY_BODY = YES;
				CLANG_WARN_ENUM_CONVERSION = YES;
				CLANG_WARN_INFINITE_RECURSION = YES;
				CLANG_WARN_INT_CONVERSION = YES;
				CLANG_WARN_NON_LITERAL_NULL_CONVERSION = YES;
				CLANG_WARN_OBJC_IMPLICIT_RETAIN_SELF = YES;
				CLANG_WARN_OBJC_LITERAL_CONVERSION = YES;
				CLANG_WARN_OBJC_ROOT_CLASS = YES_ERROR;
				CLANG_WARN_QUOTED_INCLUDE_IN_FRAMEWORK_HEADER = YES;
				CLANG_WARN_RANGE_LOOP_ANALYSIS = YES;
				CLANG_WARN_STRICT_PROTOTYPES = YES;
				CLANG_WARN_SUSPICIOUS_MOVE = YES;
				CLANG_WARN_UNGUARDED_AVAILABILITY = YES_AGGRESSIVE;
				CLANG_WARN_UNREACHABLE_CODE = YES;
				CLANG_WARN__DUPLICATE_METHOD_MATCH = YES;
				COPY_PHASE_STRIP = NO;
				DEBUG_INFORMATION_FORMAT = "dwarf-with-dsym";
				ENABLE_NS_ASSERTIONS = NO;
				ENABLE_STRICT_OBJC_MSGSEND = YES;
				ENABLE_USER_SCRIPT_SANDBOXING = YES;
				GCC_C_LANGUAGE_STANDARD = gnu17;
				GCC_NO_COMMON_BLOCKS = YES;
				GCC_WARN_64_TO_32_BIT_CONVERSION = YES;
				GCC_WARN_ABOUT_RETURN_TYPE = YES_ERROR;
				GCC_WARN_UNDECLARED_SELECTOR = YES;
				GCC_WARN_UNINITIALIZED_AUTOS = YES_AGGRESSIVE;
				GCC_WARN_UNUSED_FUNCTION = YES;
				GCC_WARN_UNUSED_VARIABLE = YES;
				IPHONEOS_DEPLOYMENT_TARGET = 18.0;
				LOCALIZATION_PREFERS_STRING_CATALOGS = YES;
				MTL_ENABLE_DEBUG_INFO = NO;
				MTL_FAST_MATH = YES;
				SDKROOT = iphoneos;
				SWIFT_COMPILATION_MODE = wholemodule;
				VALIDATE_PRODUCT = YES;
			};
			name = Release;
		};
		9D37B6E52D1DDAAF0074E911 /* Debug */ = {
			isa = XCBuildConfiguration;
			buildSettings = {
				ASSETCATALOG_COMPILER_APPICON_NAME = AppIcon;
				ASSETCATALOG_COMPILER_GLOBAL_ACCENT_COLOR_NAME = AccentColor;
				CODE_SIGN_STYLE = Automatic;
				CURRENT_PROJECT_VERSION = 1;
				DEVELOPMENT_ASSET_PATHS = "\"ssr-webview-ios/Preview Content\"";
				ENABLE_PREVIEWS = YES;
				GENERATE_INFOPLIST_FILE = YES;
				INFOPLIST_KEY_UIApplicationSceneManifest_Generation = YES;
				INFOPLIST_KEY_UIApplicationSupportsIndirectInputEvents = YES;
				INFOPLIST_KEY_UILaunchScreen_Generation = YES;
				INFOPLIST_KEY_UISupportedInterfaceOrientations_iPad = "UIInterfaceOrientationPortrait UIInterfaceOrientationPortraitUpsideDown UIInterfaceOrientationLandscapeLeft UIInterfaceOrientationLandscapeRight";
				INFOPLIST_KEY_UISupportedInterfaceOrientations_iPhone = "UIInterfaceOrientationPortrait UIInterfaceOrientationLandscapeLeft UIInterfaceOrientationLandscapeRight";
				LD_RUNPATH_SEARCH_PATHS = (
					"$(inherited)",
					"@executable_path/Frameworks",
				);
				MARKETING_VERSION = 1.0;
				PRODUCT_BUNDLE_IDENTIFIER = "com.orhan.aytekin.ssr-webview-ios";
				PRODUCT_NAME = "$(TARGET_NAME)";
				SWIFT_EMIT_LOC_STRINGS = YES;
				SWIFT_VERSION = 5.0;
				TARGETED_DEVICE_FAMILY = "1,2";
			};
			name = Debug;
		};
		9D37B6E62D1DDAAF0074E911 /* Release */ = {
			isa = XCBuildConfiguration;
			buildSettings = {
				ASSETCATALOG_COMPILER_APPICON_NAME = AppIcon;
				ASSETCATALOG_COMPILER_GLOBAL_ACCENT_COLOR_NAME = AccentColor;
				CODE_SIGN_STYLE = Automatic;
				CURRENT_PROJECT_VERSION = 1;
				DEVELOPMENT_ASSET_PATHS = "\"ssr-webview-ios/Preview Content\"";
				ENABLE_PREVIEWS = YES;
				GENERATE_INFOPLIST_FILE = YES;
				INFOPLIST_KEY_UIApplicationSceneManifest_Generation = YES;
				INFOPLIST_KEY_UIApplicationSupportsIndirectInputEvents = YES;
				INFOPLIST_KEY_UILaunchScreen_Generation = YES;
				INFOPLIST_KEY_UISupportedInterfaceOrientations_iPad = "UIInterfaceOrientationPortrait UIInterfaceOrientationPortraitUpsideDown UIInterfaceOrientationLandscapeLeft UIInterfaceOrientationLandscapeRight";
				INFOPLIST_KEY_UISupportedInterfaceOrientations_iPhone = "UIInterfaceOrientationPortrait UIInterfaceOrientationLandscapeLeft UIInterfaceOrientationLandscapeRight";
				LD_RUNPATH_SEARCH_PATHS = (
					"$(inherited)",
					"@executable_path/Frameworks",
				);
				MARKETING_VERSION = 1.0;
				PRODUCT_BUNDLE_IDENTIFIER = "com.orhan.aytekin.ssr-webview-ios";
				PRODUCT_NAME = "$(TARGET_NAME)";
				SWIFT_EMIT_LOC_STRINGS = YES;
				SWIFT_VERSION = 5.0;
				TARGETED_DEVICE_FAMILY = "1,2";
			};
			name = Release;
		};
		9D37B6E82D1DDAAF0074E911 /* Debug */ = {
			isa = XCBuildConfiguration;
			buildSettings = {
				BUNDLE_LOADER = "$(TEST_HOST)";
				CODE_SIGN_STYLE = Automatic;
				CURRENT_PROJECT_VERSION = 1;
				GENERATE_INFOPLIST_FILE = YES;
				IPHONEOS_DEPLOYMENT_TARGET = 18.0;
				MARKETING_VERSION = 1.0;
				PRODUCT_BUNDLE_IDENTIFIER = "com.orhan.aytekin.ssr-webview-iosTests";
				PRODUCT_NAME = "$(TARGET_NAME)";
				SWIFT_EMIT_LOC_STRINGS = NO;
				SWIFT_VERSION = 5.0;
				TARGETED_DEVICE_FAMILY = "1,2";
				TEST_HOST = "$(BUILT_PRODUCTS_DIR)/ssr-webview-ios.app/$(BUNDLE_EXECUTABLE_FOLDER_PATH)/ssr-webview-ios";
			};
			name = Debug;
		};
		9D37B6E92D1DDAAF0074E911 /* Release */ = {
			isa = XCBuildConfiguration;
			buildSettings = {
				BUNDLE_LOADER = "$(TEST_HOST)";
				CODE_SIGN_STYLE = Automatic;
				CURRENT_PROJECT_VERSION = 1;
				GENERATE_INFOPLIST_FILE = YES;
				IPHONEOS_DEPLOYMENT_TARGET = 18.0;
				MARKETING_VERSION = 1.0;
				PRODUCT_BUNDLE_IDENTIFIER = "com.orhan.aytekin.ssr-webview-iosTests";
				PRODUCT_NAME = "$(TARGET_NAME)";
				SWIFT_EMIT_LOC_STRINGS = NO;
				SWIFT_VERSION = 5.0;
				TARGETED_DEVICE_FAMILY = "1,2";
				TEST_HOST = "$(BUILT_PRODUCTS_DIR)/ssr-webview-ios.app/$(BUNDLE_EXECUTABLE_FOLDER_PATH)/ssr-webview-ios";
			};
			name = Release;
		};
		9D37B6EB2D1DDAAF0074E911 /* Debug */ = {
			isa = XCBuildConfiguration;
			buildSettings = {
				CODE_SIGN_STYLE = Automatic;
				CURRENT_PROJECT_VERSION = 1;
				GENERATE_INFOPLIST_FILE = YES;
				MARKETING_VERSION = 1.0;
				PRODUCT_BUNDLE_IDENTIFIER = "com.orhan.aytekin.ssr-webview-iosUITests";
				PRODUCT_NAME = "$(TARGET_NAME)";
				SWIFT_EMIT_LOC_STRINGS = NO;
				SWIFT_VERSION = 5.0;
				TARGETED_DEVICE_FAMILY = "1,2";
				TEST_TARGET_NAME = "ssr-webview-ios";
			};
			name = Debug;
		};
		9D37B6EC2D1DDAAF0074E911 /* Release */ = {
			isa = XCBuildConfiguration;
			buildSettings = {
				CODE_SIGN_STYLE = Automatic;
				CURRENT_PROJECT_VERSION = 1;
				GENERATE_INFOPLIST_FILE = YES;
				MARKETING_VERSION = 1.0;
				PRODUCT_BUNDLE_IDENTIFIER = "com.orhan.aytekin.ssr-webview-iosUITests";
				PRODUCT_NAME = "$(TARGET_NAME)";
				SWIFT_EMIT_LOC_STRINGS = NO;
				SWIFT_VERSION = 5.0;
				TARGETED_DEVICE_FAMILY = "1,2";
				TEST_TARGET_NAME = "ssr-webview-ios";
			};
			name = Release;
		};
/* End XCBuildConfiguration section */

/* Begin XCConfigurationList section */
		9D37B6B92D1DDAAE0074E911 /* Build configuration list for PBXProject "ssr-webview-ios" */ = {
			isa = XCConfigurationList;
			buildConfigurations = (
				9D37B6E22D1DDAAF0074E911 /* Debug */,
				9D37B6E32D1DDAAF0074E911 /* Release */,
			);
			defaultConfigurationIsVisible = 0;
			defaultConfigurationName = Release;
		};
		9D37B6E42D1DDAAF0074E911 /* Build configuration list for PBXNativeTarget "ssr-webview-ios" */ = {
			isa = XCConfigurationList;
			buildConfigurations = (
				9D37B6E52D1DDAAF0074E911 /* Debug */,
				9D37B6E62D1DDAAF0074E911 /* Release */,
			);
			defaultConfigurationIsVisible = 0;
			defaultConfigurationName = Release;
		};
		9D37B6E72D1DDAAF0074E911 /* Build configuration list for PBXNativeTarget "ssr-webview-iosTests" */ = {
			isa = XCConfigurationList;
			buildConfigurations = (
				9D37B6E82D1DDAAF0074E911 /* Debug */,
				9D37B6E92D1DDAAF0074E911 /* Release */,
			);
			defaultConfigurationIsVisible = 0;
			defaultConfigurationName = Release;
		};
		9D37B6EA2D1DDAAF0074E911 /* Build configuration list for PBXNativeTarget "ssr-webview-iosUITests" */ = {
			isa = XCConfigurationList;
			buildConfigurations = (
				9D37B6EB2D1DDAAF0074E911 /* Debug */,
				9D37B6EC2D1DDAAF0074E911 /* Release */,
			);
			defaultConfigurationIsVisible = 0;
			defaultConfigurationName = Release;
		};
/* End XCConfigurationList section */
	};
	rootObject = 9D37B6B62D1DDAAE0074E911 /* Project object */;
}
